{
  "name": "@pacholoamit/chatgpt-api-prompts",
  "version": "0.0.1",
  "lockfileVersion": 2,
  "requires": true,
  "packages": {
    "": {
      "name": "@pacholoamit/chatgpt-api-prompts",
      "version": "0.0.1",
      "license": "MIT",
      "dependencies": {
        "chatgpt": "^4.1.1"
      },
      "devDependencies": {
        "typescript": "^4.9.5"
      }
    },
    "node_modules/chatgpt": {
      "version": "4.1.1",
      "resolved": "https://registry.npmjs.org/chatgpt/-/chatgpt-4.1.1.tgz",
      "integrity": "sha512-2Hn9kjSSndvmLiRLYK1xHXxf436xwby3vmLBlLayxFFErQHW2+47zjGlaanhrFzb89MfWsf+1GPwl/qKklDUeA==",
      "dependencies": {
        "eventsource-parser": "^0.0.5",
        "gpt-3-encoder": "^1.1.4",
        "keyv": "^4.5.2",
        "p-timeout": "^6.0.0",
        "quick-lru": "^6.1.1",
        "uuid": "^9.0.0"
      },
      "engines": {
        "node": ">=18"
      }
    },
    "node_modules/eventsource-parser": {
      "version": "0.0.5",
      "resolved": "https://registry.npmjs.org/eventsource-parser/-/eventsource-parser-0.0.5.tgz",
      "integrity": "sha512-BAq82bC3ZW9fPYYZlofXBOAfbpmDzXIOsj+GOehQwgTUYsQZ6HtHs6zuRtge7Ph8OhS6lNH1kJF8q9dj17RcmA==",
      "engines": {
        "node": ">=12"
      }
    },
    "node_modules/gpt-3-encoder": {
      "version": "1.1.4",
      "resolved": "https://registry.npmjs.org/gpt-3-encoder/-/gpt-3-encoder-1.1.4.tgz",
      "integrity": "sha512-fSQRePV+HUAhCn7+7HL7lNIXNm6eaFWFbNLOOGtmSJ0qJycyQvj60OvRlH7mee8xAMjBDNRdMXlMwjAbMTDjkg=="
    },
    "node_modules/json-buffer": {
      "version": "3.0.1",
      "resolved": "https://registry.npmjs.org/json-buffer/-/json-buffer-3.0.1.tgz",
      "integrity": "sha512-4bV5BfR2mqfQTJm+V5tPPdf+ZpuhiIvTuAB5g8kcrXOZpTT/QwwVRWBywX1ozr6lEuPdbHxwaJlm9G6mI2sfSQ=="
    },
    "node_modules/keyv": {
      "version": "4.5.2",
      "resolved": "https://registry.npmjs.org/keyv/-/keyv-4.5.2.tgz",
      "integrity": "sha512-5MHbFaKn8cNSmVW7BYnijeAVlE4cYA/SVkifVgrh7yotnfhKmjuXpDKjrABLnT0SfHWV21P8ow07OGfRrNDg8g==",
      "dependencies": {
        "json-buffer": "3.0.1"
      }
    },
    "node_modules/p-timeout": {
      "version": "6.1.0",
      "resolved": "https://registry.npmjs.org/p-timeout/-/p-timeout-6.1.0.tgz",
      "integrity": "sha512-s0y6Le9QYGELLzNpFIt6h8B2DHTVUDLStvxtvRMSKNKeuNVVWby2dZ+pIJpW4/pWr5a3s8W85wBNtc0ZA+lzCg==",
      "engines": {
        "node": ">=14.16"
      },
      "funding": {
        "url": "https://github.com/sponsors/sindresorhus"
      }
    },
    "node_modules/quick-lru": {
      "version": "6.1.1",
      "resolved": "https://registry.npmjs.org/quick-lru/-/quick-lru-6.1.1.tgz",
      "integrity": "sha512-S27GBT+F0NTRiehtbrgaSE1idUAJ5bX8dPAQTdylEyNlrdcH5X4Lz7Edz3DYzecbsCluD5zO8ZNEe04z3D3u6Q==",
      "engines": {
        "node": ">=12"
      },
      "funding": {
        "url": "https://github.com/sponsors/sindresorhus"
      }
    },
    "node_modules/typescript": {
      "version": "4.9.5",
      "resolved": "https://registry.npmjs.org/typescript/-/typescript-4.9.5.tgz",
      "integrity": "sha512-1FXk9E2Hm+QzZQ7z+McJiHL4NW1F2EzMu9Nq9i3zAaGqibafqYwCVU6WyWAuyQRRzOlxou8xZSyXLEN8oKj24g==",
      "dev": true,
      "bin": {
        "tsc": "bin/tsc",
        "tsserver": "bin/tsserver"
      },
      "engines": {
        "node": ">=4.2.0"
      }
    },
    "node_modules/uuid": {
      "version": "9.0.0",
      "resolved": "https://registry.npmjs.org/uuid/-/uuid-9.0.0.tgz",
      "integrity": "sha512-MXcSTerfPa4uqyzStbRoTgt5XIe3x5+42+q1sDuy3R5MDk66URdLMOZe5aPX/SQd+kuYAh0FdP/pO28IkQyTeg==",
      "bin": {
        "uuid": "dist/bin/uuid"
      }
    }
  },
  "dependencies": {
    "chatgpt": {
      "version": "4.1.1",
      "resolved": "https://registry.npmjs.org/chatgpt/-/chatgpt-4.1.1.tgz",
      "integrity": "sha512-2Hn9kjSSndvmLiRLYK1xHXxf436xwby3vmLBlLayxFFErQHW2+47zjGlaanhrFzb89MfWsf+1GPwl/qKklDUeA==",
      "requires": {
        "eventsource-parser": "^0.0.5",
        "gpt-3-encoder": "^1.1.4",
        "keyv": "^4.5.2",
        "p-timeout": "^6.0.0",
        "quick-lru": "^6.1.1",
        "uuid": "^9.0.0"
      }
    },
    "eventsource-parser": {
      "version": "0.0.5",
      "resolved": "https://registry.npmjs.org/eventsource-parser/-/eventsource-parser-0.0.5.tgz",
      "integrity": "sha512-BAq82bC3ZW9fPYYZlofXBOAfbpmDzXIOsj+GOehQwgTUYsQZ6HtHs6zuRtge7Ph8OhS6lNH1kJF8q9dj17RcmA=="
    },
    "gpt-3-encoder": {
      "version": "1.1.4",
      "resolved": "https://registry.npmjs.org/gpt-3-encoder/-/gpt-3-encoder-1.1.4.tgz",
      "integrity": "sha512-fSQRePV+HUAhCn7+7HL7lNIXNm6eaFWFbNLOOGtmSJ0qJycyQvj60OvRlH7mee8xAMjBDNRdMXlMwjAbMTDjkg=="
    },
    "json-buffer": {
      "version": "3.0.1",
      "resolved": "https://registry.npmjs.org/json-buffer/-/json-buffer-3.0.1.tgz",
      "integrity": "sha512-4bV5BfR2mqfQTJm+V5tPPdf+ZpuhiIvTuAB5g8kcrXOZpTT/QwwVRWBywX1ozr6lEuPdbHxwaJlm9G6mI2sfSQ=="
    },
    "keyv": {
      "version": "4.5.2",
      "resolved": "https://registry.npmjs.org/keyv/-/keyv-4.5.2.tgz",
      "integrity": "sha512-5MHbFaKn8cNSmVW7BYnijeAVlE4cYA/SVkifVgrh7yotnfhKmjuXpDKjrABLnT0SfHWV21P8ow07OGfRrNDg8g==",
      "requires": {
        "json-buffer": "3.0.1"
      }
    },
    "p-timeout": {
      "version": "6.1.0",
      "resolved": "https://registry.npmjs.org/p-timeout/-/p-timeout-6.1.0.tgz",
      "integrity": "sha512-s0y6Le9QYGELLzNpFIt6h8B2DHTVUDLStvxtvRMSKNKeuNVVWby2dZ+pIJpW4/pWr5a3s8W85wBNtc0ZA+lzCg=="
    },
    "quick-lru": {
      "version": "6.1.1",
      "resolved": "https://registry.npmjs.org/quick-lru/-/quick-lru-6.1.1.tgz",
      "integrity": "sha512-S27GBT+F0NTRiehtbrgaSE1idUAJ5bX8dPAQTdylEyNlrdcH5X4Lz7Edz3DYzecbsCluD5zO8ZNEe04z3D3u6Q=="
    },
    "typescript": {
      "version": "4.9.5",
      "resolved": "https://registry.npmjs.org/typescript/-/typescript-4.9.5.tgz",
      "integrity": "sha512-1FXk9E2Hm+QzZQ7z+McJiHL4NW1F2EzMu9Nq9i3zAaGqibafqYwCVU6WyWAuyQRRzOlxou8xZSyXLEN8oKj24g==",
      "dev": true
    },
    "uuid": {
      "version": "9.0.0",
      "resolved": "https://registry.npmjs.org/uuid/-/uuid-9.0.0.tgz",
      "integrity": "sha512-MXcSTerfPa4uqyzStbRoTgt5XIe3x5+42+q1sDuy3R5MDk66URdLMOZe5aPX/SQd+kuYAh0FdP/pO28IkQyTeg=="
    }
  }
}
